// !$*UTF8*$!
{
	archiveVersion = 1;
	classes = {
	};
	objectVersion = 46;
	objects = {

/* Begin PBXBuildFile section */
		1F8757EC1B9D7E12000CA261 /* Event.swift in Sources */ = {isa = PBXBuildFile; fileRef = 1F8757EB1B9D7E12000CA261 /* Event.swift */; settings = {ASSET_TAGS = (); }; };
		1F8757EE1B9D80E6000CA261 /* UIControlEventHelper.swift in Sources */ = {isa = PBXBuildFile; fileRef = 1F8757ED1B9D80E6000CA261 /* UIControlEventHelper.swift */; settings = {ASSET_TAGS = (); }; };
		1FFF63921B9C810D00C6000A /* AppDelegate.swift in Sources */ = {isa = PBXBuildFile; fileRef = 1FFF63911B9C810D00C6000A /* AppDelegate.swift */; };
		1FFF63941B9C810D00C6000A /* ViewController.swift in Sources */ = {isa = PBXBuildFile; fileRef = 1FFF63931B9C810D00C6000A /* ViewController.swift */; };
		1FFF63971B9C810D00C6000A /* Main.storyboard in Resources */ = {isa = PBXBuildFile; fileRef = 1FFF63951B9C810D00C6000A /* Main.storyboard */; };
		1FFF63991B9C810D00C6000A /* Assets.xcassets in Resources */ = {isa = PBXBuildFile; fileRef = 1FFF63981B9C810D00C6000A /* Assets.xcassets */; };
		1FFF639C1B9C810D00C6000A /* LaunchScreen.storyboard in Resources */ = {isa = PBXBuildFile; fileRef = 1FFF639A1B9C810D00C6000A /* LaunchScreen.storyboard */; };
		1FFF63A71B9C810E00C6000A /* SwiftEventTests.swift in Sources */ = {isa = PBXBuildFile; fileRef = 1FFF63A61B9C810E00C6000A /* SwiftEventTests.swift */; };
		1FFF63B21B9C810E00C6000A /* SwiftEventUITests.swift in Sources */ = {isa = PBXBuildFile; fileRef = 1FFF63B11B9C810E00C6000A /* SwiftEventUITests.swift */; };
/* End PBXBuildFile section */

/* Begin PBXContainerItemProxy section */
		1FFF63A31B9C810E00C6000A /* PBXContainerItemProxy */ = {
			isa = PBXContainerItemProxy;
			containerPortal = 1FFF63861B9C810D00C6000A /* Project object */;
			proxyType = 1;
			remoteGlobalIDString = 1FFF638D1B9C810D00C6000A;
			remoteInfo = SwiftEvent;
		};
		1FFF63AE1B9C810E00C6000A /* PBXContainerItemProxy */ = {
			isa = PBXContainerItemProxy;
			containerPortal = 1FFF63861B9C810D00C6000A /* Project object */;
			proxyType = 1;
			remoteGlobalIDString = 1FFF638D1B9C810D00C6000A;
			remoteInfo = SwiftEvent;
		};
/* End PBXContainerItemProxy section */

/* Begin PBXFileReference section */
		1F8757EB1B9D7E12000CA261 /* Event.swift */ = {isa = PBXFileReference; fileEncoding = 4; lastKnownFileType = sourcecode.swift; path = Event.swift; sourceTree = "<group>"; };
		1F8757ED1B9D80E6000CA261 /* UIControlEventHelper.swift */ = {isa = PBXFileReference; fileEncoding = 4; lastKnownFileType = sourcecode.swift; path = UIControlEventHelper.swift; sourceTree = "<group>"; };
		1FFF638E1B9C810D00C6000A /* SwiftEvent.app */ = {isa = PBXFileReference; explicitFileType = wrapper.application; includeInIndex = 0; path = SwiftEvent.app; sourceTree = BUILT_PRODUCTS_DIR; };
		1FFF63911B9C810D00C6000A /* AppDelegate.swift */ = {isa = PBXFileReference; lastKnownFileType = sourcecode.swift; path = AppDelegate.swift; sourceTree = "<group>"; };
		1FFF63931B9C810D00C6000A /* ViewController.swift */ = {isa = PBXFileReference; lastKnownFileType = sourcecode.swift; path = ViewController.swift; sourceTree = "<group>"; };
		1FFF63961B9C810D00C6000A /* Base */ = {isa = PBXFileReference; lastKnownFileType = file.storyboard; name = Base; path = Base.lproj/Main.storyboard; sourceTree = "<group>"; };
		1FFF63981B9C810D00C6000A /* Assets.xcassets */ = {isa = PBXFileReference; lastKnownFileType = folder.assetcatalog; path = Assets.xcassets; sourceTree = "<group>"; };
		1FFF639B1B9C810D00C6000A /* Base */ = {isa = PBXFileReference; lastKnownFileType = file.storyboard; name = Base; path = Base.lproj/LaunchScreen.storyboard; sourceTree = "<group>"; };
		1FFF639D1B9C810D00C6000A /* Info.plist */ = {isa = PBXFileReference; lastKnownFileType = text.plist.xml; path = Info.plist; sourceTree = "<group>"; };
		1FFF63A21B9C810E00C6000A /* SwiftEventTests.xctest */ = {isa = PBXFileReference; explicitFileType = wrapper.cfbundle; includeInIndex = 0; path = SwiftEventTests.xctest; sourceTree = BUILT_PRODUCTS_DIR; };
		1FFF63A61B9C810E00C6000A /* SwiftEventTests.swift */ = {isa = PBXFileReference; lastKnownFileType = sourcecode.swift; path = SwiftEventTests.swift; sourceTree = "<group>"; };
		1FFF63A81B9C810E00C6000A /* Info.plist */ = {isa = PBXFileReference; lastKnownFileType = text.plist.xml; path = Info.plist; sourceTree = "<group>"; };
		1FFF63AD1B9C810E00C6000A /* SwiftEventUITests.xctest */ = {isa = PBXFileReference; explicitFileType = wrapper.cfbundle; includeInIndex = 0; path = SwiftEventUITests.xctest; sourceTree = BUILT_PRODUCTS_DIR; };
		1FFF63B11B9C810E00C6000A /* SwiftEventUITests.swift */ = {isa = PBXFileReference; lastKnownFileType = sourcecode.swift; path = SwiftEventUITests.swift; sourceTree = "<group>"; };
		1FFF63B31B9C810E00C6000A /* Info.plist */ = {isa = PBXFileReference; lastKnownFileType = text.plist.xml; path = Info.plist; sourceTree = "<group>"; };
/* End PBXFileReference section */

/* Begin PBXFrameworksBuildPhase section */
		1FFF638B1B9C810D00C6000A /* Frameworks */ = {
			isa = PBXFrameworksBuildPhase;
			buildActionMask = 2147483647;
			files = (
			);
			runOnlyForDeploymentPostprocessing = 0;
		};
		1FFF639F1B9C810E00C6000A /* Frameworks */ = {
			isa = PBXFrameworksBuildPhase;
			buildActionMask = 2147483647;
			files = (
			);
			runOnlyForDeploymentPostprocessing = 0;
		};
		1FFF63AA1B9C810E00C6000A /* Frameworks */ = {
			isa = PBXFrameworksBuildPhase;
			buildActionMask = 2147483647;
			files = (
			);
			runOnlyForDeploymentPostprocessing = 0;
		};
/* End PBXFrameworksBuildPhase section */

/* Begin PBXGroup section */
		1FFF63851B9C810D00C6000A = {
			isa = PBXGroup;
			children = (
				1FFF63901B9C810D00C6000A /* SwiftEvent */,
				1FFF63A51B9C810E00C6000A /* SwiftEventTests */,
				1FFF63B01B9C810E00C6000A /* SwiftEventUITests */,
				1FFF638F1B9C810D00C6000A /* Products */,
			);
			sourceTree = "<group>";
		};
		1FFF638F1B9C810D00C6000A /* Products */ = {
			isa = PBXGroup;
			children = (
				1FFF638E1B9C810D00C6000A /* SwiftEvent.app */,
				1FFF63A21B9C810E00C6000A /* SwiftEventTests.xctest */,
				1FFF63AD1B9C810E00C6000A /* SwiftEventUITests.xctest */,
			);
			name = Products;
			sourceTree = "<group>";
		};
		1FFF63901B9C810D00C6000A /* SwiftEvent */ = {
			isa = PBXGroup;
			children = (
				1F8757EB1B9D7E12000CA261 /* Event.swift */,
				1F8757ED1B9D80E6000CA261 /* UIControlEventHelper.swift */,
				1FFF63911B9C810D00C6000A /* AppDelegate.swift */,
				1FFF63931B9C810D00C6000A /* ViewController.swift */,
				1FFF63951B9C810D00C6000A /* Main.storyboard */,
				1FFF63981B9C810D00C6000A /* Assets.xcassets */,
				1FFF639A1B9C810D00C6000A /* LaunchScreen.storyboard */,
				1FFF639D1B9C810D00C6000A /* Info.plist */,
			);
			path = SwiftEvent;
			sourceTree = "<group>";
		};
		1FFF63A51B9C810E00C6000A /* SwiftEventTests */ = {
			isa = PBXGroup;
			children = (
				1FFF63A61B9C810E00C6000A /* SwiftEventTests.swift */,
				1FFF63A81B9C810E00C6000A /* Info.plist */,
			);
			path = SwiftEventTests;
			sourceTree = "<group>";
		};
		1FFF63B01B9C810E00C6000A /* SwiftEventUITests */ = {
			isa = PBXGroup;
			children = (
				1FFF63B11B9C810E00C6000A /* SwiftEventUITests.swift */,
				1FFF63B31B9C810E00C6000A /* Info.plist */,
			);
			path = SwiftEventUITests;
			sourceTree = "<group>";
		};
/* End PBXGroup section */

/* Begin PBXNativeTarget section */
		1FFF638D1B9C810D00C6000A /* SwiftEvent */ = {
			isa = PBXNativeTarget;
			buildConfigurationList = 1FFF63B61B9C810E00C6000A /* Build configuration list for PBXNativeTarget "SwiftEvent" */;
			buildPhases = (
				1FFF638A1B9C810D00C6000A /* Sources */,
				1FFF638B1B9C810D00C6000A /* Frameworks */,
				1FFF638C1B9C810D00C6000A /* Resources */,
			);
			buildRules = (
			);
			dependencies = (
			);
			name = SwiftEvent;
			productName = SwiftEvent;
			productReference = 1FFF638E1B9C810D00C6000A /* SwiftEvent.app */;
			productType = "com.apple.product-type.application";
		};
		1FFF63A11B9C810E00C6000A /* SwiftEventTests */ = {
			isa = PBXNativeTarget;
			buildConfigurationList = 1FFF63B91B9C810E00C6000A /* Build configuration list for PBXNativeTarget "SwiftEventTests" */;
			buildPhases = (
				1FFF639E1B9C810E00C6000A /* Sources */,
				1FFF639F1B9C810E00C6000A /* Frameworks */,
				1FFF63A01B9C810E00C6000A /* Resources */,
			);
			buildRules = (
			);
			dependencies = (
				1FFF63A41B9C810E00C6000A /* PBXTargetDependency */,
			);
			name = SwiftEventTests;
			productName = SwiftEventTests;
			productReference = 1FFF63A21B9C810E00C6000A /* SwiftEventTests.xctest */;
			productType = "com.apple.product-type.bundle.unit-test";
		};
		1FFF63AC1B9C810E00C6000A /* SwiftEventUITests */ = {
			isa = PBXNativeTarget;
			buildConfigurationList = 1FFF63BC1B9C810E00C6000A /* Build configuration list for PBXNativeTarget "SwiftEventUITests" */;
			buildPhases = (
				1FFF63A91B9C810E00C6000A /* Sources */,
				1FFF63AA1B9C810E00C6000A /* Frameworks */,
				1FFF63AB1B9C810E00C6000A /* Resources */,
			);
			buildRules = (
			);
			dependencies = (
				1FFF63AF1B9C810E00C6000A /* PBXTargetDependency */,
			);
			name = SwiftEventUITests;
			productName = SwiftEventUITests;
			productReference = 1FFF63AD1B9C810E00C6000A /* SwiftEventUITests.xctest */;
			productType = "com.apple.product-type.bundle.ui-testing";
		};
/* End PBXNativeTarget section */

/* Begin PBXProject section */
		1FFF63861B9C810D00C6000A /* Project object */ = {
			isa = PBXProject;
			attributes = {
				LastUpgradeCheck = 0700;
				ORGANIZATIONNAME = "Guanshan Liu";
				TargetAttributes = {
					1FFF638D1B9C810D00C6000A = {
						CreatedOnToolsVersion = 7.0;
					};
					1FFF63A11B9C810E00C6000A = {
						CreatedOnToolsVersion = 7.0;
						TestTargetID = 1FFF638D1B9C810D00C6000A;
					};
					1FFF63AC1B9C810E00C6000A = {
						CreatedOnToolsVersion = 7.0;
						TestTargetID = 1FFF638D1B9C810D00C6000A;
					};
				};
			};
			buildConfigurationList = 1FFF63891B9C810D00C6000A /* Build configuration list for PBXProject "SwiftEvent" */;
			compatibilityVersion = "Xcode 3.2";
			developmentRegion = English;
			hasScannedForEncodings = 0;
			knownRegions = (
				en,
				Base,
			);
			mainGroup = 1FFF63851B9C810D00C6000A;
			productRefGroup = 1FFF638F1B9C810D00C6000A /* Products */;
			projectDirPath = "";
			projectRoot = "";
			targets = (
				1FFF638D1B9C810D00C6000A /* SwiftEvent */,
				1FFF63A11B9C810E00C6000A /* SwiftEventTests */,
				1FFF63AC1B9C810E00C6000A /* SwiftEventUITests */,
			);
		};
/* End PBXProject section */

/* Begin PBXResourcesBuildPhase section */
		1FFF638C1B9C810D00C6000A /* Resources */ = {
			isa = PBXResourcesBuildPhase;
			buildActionMask = 2147483647;
			files = (
				1FFF639C1B9C810D00C6000A /* LaunchScreen.storyboard in Resources */,
				1FFF63991B9C810D00C6000A /* Assets.xcassets in Resources */,
				1FFF63971B9C810D00C6000A /* Main.storyboard in Resources */,
			);
			runOnlyForDeploymentPostprocessing = 0;
		};
		1FFF63A01B9C810E00C6000A /* Resources */ = {
			isa = PBXResourcesBuildPhase;
			buildActionMask = 2147483647;
			files = (
			);
			runOnlyForDeploymentPostprocessing = 0;
		};
		1FFF63AB1B9C810E00C6000A /* Resources */ = {
			isa = PBXResourcesBuildPhase;
			buildActionMask = 2147483647;
			files = (
			);
			runOnlyForDeploymentPostprocessing = 0;
		};
/* End PBXResourcesBuildPhase section */

/* Begin PBXSourcesBuildPhase section */
		1FFF638A1B9C810D00C6000A /* Sources */ = {
			isa = PBXSourcesBuildPhase;
			buildActionMask = 2147483647;
			files = (
				1F8757EE1B9D80E6000CA261 /* UIControlEventHelper.swift in Sources */,
				1FFF63941B9C810D00C6000A /* ViewController.swift in Sources */,
				1F8757EC1B9D7E12000CA261 /* Event.swift in Sources */,
				1FFF63921B9C810D00C6000A /* AppDelegate.swift in Sources */,
			);
			runOnlyForDeploymentPostprocessing = 0;
		};
		1FFF639E1B9C810E00C6000A /* Sources */ = {
			isa = PBXSourcesBuildPhase;
			buildActionMask = 2147483647;
			files = (
				1FFF63A71B9C810E00C6000A /* SwiftEventTests.swift in Sources */,
			);
			runOnlyForDeploymentPostprocessing = 0;
		};
		1FFF63A91B9C810E00C6000A /* Sources */ = {
			isa = PBXSourcesBuildPhase;
			buildActionMask = 2147483647;
			files = (
				1FFF63B21B9C810E00C6000A /* SwiftEventUITests.swift in Sources */,
			);
			runOnlyForDeploymentPostprocessing = 0;
		};
/* End PBXSourcesBuildPhase section */

/* Begin PBXTargetDependency section */
		1FFF63A41B9C810E00C6000A /* PBXTargetDependency */ = {
			isa = PBXTargetDependency;
			target = 1FFF638D1B9C810D00C6000A /* SwiftEvent */;
			targetProxy = 1FFF63A31B9C810E00C6000A /* PBXContainerItemProxy */;
		};
		1FFF63AF1B9C810E00C6000A /* PBXTargetDependency */ = {
			isa = PBXTargetDependency;
			target = 1FFF638D1B9C810D00C6000A /* SwiftEvent */;
			targetProxy = 1FFF63AE1B9C810E00C6000A /* PBXContainerItemProxy */;
		};
/* End PBXTargetDependency section */

/* Begin PBXVariantGroup section */
		1FFF63951B9C810D00C6000A /* Main.storyboard */ = {
			isa = PBXVariantGroup;
			children = (
				1FFF63961B9C810D00C6000A /* Base */,
			);
			name = Main.storyboard;
			sourceTree = "<group>";
		};
		1FFF639A1B9C810D00C6000A /* LaunchScreen.storyboard */ = {
			isa = PBXVariantGroup;
			children = (
				1FFF639B1B9C810D00C6000A /* Base */,
			);
			name = LaunchScreen.storyboard;
			sourceTree = "<group>";
		};
/* End PBXVariantGroup section */

/* Begin XCBuildConfiguration section */
		1FFF63B41B9C810E00C6000A /* Debug */ = {
			isa = XCBuildConfiguration;
			buildSettings = {
				ALWAYS_SEARCH_USER_PATHS = NO;
				CLANG_CXX_LANGUAGE_STANDARD = "gnu++0x";
				CLANG_CXX_LIBRARY = "libc++";
				CLANG_ENABLE_MODULES = YES;
				CLANG_ENABLE_OBJC_ARC = YES;
				CLANG_WARN_BOOL_CONVERSION = YES;
				CLANG_WARN_CONSTANT_CONVERSION = YES;
				CLANG_WARN_DIRECT_OBJC_ISA_USAGE = YES_ERROR;
				CLANG_WARN_EMPTY_BODY = YES;
				CLANG_WARN_ENUM_CONVERSION = YES;
				CLANG_WARN_INT_CONVERSION = YES;
				CLANG_WARN_OBJC_ROOT_CLASS = YES_ERROR;
				CLANG_WARN_UNREACHABLE_CODE = YES;
				CLANG_WARN__DUPLICATE_METHOD_MATCH = YES;
				"CODE_SIGN_IDENTITY[sdk=iphoneos*]" = "iPhone Developer";
				COPY_PHASE_STRIP = NO;
				DEBUG_INFORMATION_FORMAT = dwarf;
				ENABLE_STRICT_OBJC_MSGSEND = YES;
				ENABLE_TESTABILITY = YES;
				GCC_C_LANGUAGE_STANDARD = gnu99;
				GCC_DYNAMIC_NO_PIC = NO;
				GCC_NO_COMMON_BLOCKS = YES;
				GCC_OPTIMIZATION_LEVEL = 0;
				GCC_PREPROCESSOR_DEFINITIONS = (
					"DEBUG=1",
					"$(inherited)",
				);
				GCC_WARN_64_TO_32_BIT_CONVERSION = YES;
				GCC_WARN_ABOUT_RETURN_TYPE = YES_ERROR;
				GCC_WARN_UNDECLARED_SELECTOR = YES;
				GCC_WARN_UNINITIALIZED_AUTOS = YES_AGGRESSIVE;
				GCC_WARN_UNUSED_FUNCTION = YES;
				GCC_WARN_UNUSED_VARIABLE = YES;
				IPHONEOS_DEPLOYMENT_TARGET = 9.0;
				MTL_ENABLE_DEBUG_INFO = YES;
				ONLY_ACTIVE_ARCH = YES;
				SDKROOT = iphoneos;
				SWIFT_OPTIMIZATION_LEVEL = "-Onone";
				TARGETED_DEVICE_FAMILY = "1,2";
			};
			name = Debug;
		};
		1FFF63B51B9C810E00C6000A /* Release */ = {
			isa = XCBuildConfiguration;
			buildSettings = {
				ALWAYS_SEARCH_USER_PATHS = NO;
				CLANG_CXX_LANGUAGE_STANDARD = "gnu++0x";
				CLANG_CXX_LIBRARY = "libc++";
				CLANG_ENABLE_MODULES = YES;
				CLANG_ENABLE_OBJC_ARC = YES;
				CLANG_WARN_BOOL_CONVERSION = YES;
				CLANG_WARN_CONSTANT_CONVERSION = YES;
				CLANG_WARN_DIRECT_OBJC_ISA_USAGE = YES_ERROR;
				CLANG_WARN_EMPTY_BODY = YES;
				CLANG_WARN_ENUM_CONVERSION = YES;
				CLANG_WARN_INT_CONVERSION = YES;
				CLANG_WARN_OBJC_ROOT_CLASS = YES_ERROR;
				CLANG_WARN_UNREACHABLE_CODE = YES;
				CLANG_WARN__DUPLICATE_METHOD_MATCH = YES;
				"CODE_SIGN_IDENTITY[sdk=iphoneos*]" = "iPhone Developer";
				COPY_PHASE_STRIP = NO;
				DEBUG_INFORMATION_FORMAT = "dwarf-with-dsym";
				ENABLE_NS_ASSERTIONS = NO;
				ENABLE_STRICT_OBJC_MSGSEND = YES;
				GCC_C_LANGUAGE_STANDARD = gnu99;
				GCC_NO_COMMON_BLOCKS = YES;
				GCC_WARN_64_TO_32_BIT_CONVERSION = YES;
				GCC_WARN_ABOUT_RETURN_TYPE = YES_ERROR;
				GCC_WARN_UNDECLARED_SELECTOR = YES;
				GCC_WARN_UNINITIALIZED_AUTOS = YES_AGGRESSIVE;
				GCC_WARN_UNUSED_FUNCTION = YES;
				GCC_WARN_UNUSED_VARIABLE = YES;
				IPHONEOS_DEPLOYMENT_TARGET = 9.0;
				MTL_ENABLE_DEBUG_INFO = NO;
				SDKROOT = iphoneos;
				TARGETED_DEVICE_FAMILY = "1,2";
				VALIDATE_PRODUCT = YES;
			};
			name = Release;
		};
		1FFF63B71B9C810E00C6000A /* Debug */ = {
			isa = XCBuildConfiguration;
			buildSettings = {
				ASSETCATALOG_COMPILER_APPICON_NAME = AppIcon;
				INFOPLIST_FILE = SwiftEvent/Info.plist;
				LD_RUNPATH_SEARCH_PATHS = "$(inherited) @executable_path/Frameworks";
				PRODUCT_BUNDLE_IDENTIFIER = com.guanshanliu.SwiftEvent;
				PRODUCT_NAME = "$(TARGET_NAME)";
			};
			name = Debug;
		};
		1FFF63B81B9C810E00C6000A /* Release */ = {
			isa = XCBuildConfiguration;
			buildSettings = {
				ASSETCATALOG_COMPILER_APPICON_NAME = AppIcon;
				INFOPLIST_FILE = SwiftEvent/Info.plist;
				LD_RUNPATH_SEARCH_PATHS = "$(inherited) @executable_path/Frameworks";
				PRODUCT_BUNDLE_IDENTIFIER = com.guanshanliu.SwiftEvent;
				PRODUCT_NAME = "$(TARGET_NAME)";
			};
			name = Release;
		};
		1FFF63BA1B9C810E00C6000A /* Debug */ = {
			isa = XCBuildConfiguration;
			buildSettings = {
				BUNDLE_LOADER = "$(TEST_HOST)";
				INFOPLIST_FILE = SwiftEventTests/Info.plist;
				LD_RUNPATH_SEARCH_PATHS = "$(inherited) @executable_path/Frameworks @loader_path/Frameworks";
				PRODUCT_BUNDLE_IDENTIFIER = com.guanshanliu.SwiftEventTests;
				PRODUCT_NAME = "$(TARGET_NAME)";
				TEST_HOST = "$(BUILT_PRODUCTS_DIR)/SwiftEvent.app/SwiftEvent";
			};
			name = Debug;
		};
		1FFF63BB1B9C810E00C6000A /* Release */ = {
			isa = XCBuildConfiguration;
			buildSettings = {
				BUNDLE_LOADER = "$(TEST_HOST)";
				INFOPLIST_FILE = SwiftEventTests/Info.plist;
				LD_RUNPATH_SEARCH_PATHS = "$(inherited) @executable_path/Frameworks @loader_path/Frameworks";
				PRODUCT_BUNDLE_IDENTIFIER = com.guanshanliu.SwiftEventTests;
				PRODUCT_NAME = "$(TARGET_NAME)";
				TEST_HOST = "$(BUILT_PRODUCTS_DIR)/SwiftEvent.app/SwiftEvent";
			};
			name = Release;
		};
		1FFF63BD1B9C810E00C6000A /* Debug */ = {
			isa = XCBuildConfiguration;
			buildSettings = {
				INFOPLIST_FILE = SwiftEventUITests/Info.plist;
				LD_RUNPATH_SEARCH_PATHS = "$(inherited) @executable_path/Frameworks @loader_path/Frameworks";
				PRODUCT_BUNDLE_IDENTIFIER = com.guanshanliu.SwiftEventUITests;
				PRODUCT_NAME = "$(TARGET_NAME)";
				TEST_TARGET_NAME = SwiftEvent;
				USES_XCTRUNNER = YES;
			};
			name = Debug;
		};
		1FFF63BE1B9C810E00C6000A /* Release */ = {
			isa = XCBuildConfiguration;
			buildSettings = {
				INFOPLIST_FILE = SwiftEventUITests/Info.plist;
				LD_RUNPATH_SEARCH_PATHS = "$(inherited) @executable_path/Frameworks @loader_path/Frameworks";
				PRODUCT_BUNDLE_IDENTIFIER = com.guanshanliu.SwiftEventUITests;
				PRODUCT_NAME = "$(TARGET_NAME)";
				TEST_TARGET_NAME = SwiftEvent;
				USES_XCTRUNNER = YES;
			};
			name = Release;
		};
/* End XCBuildConfiguration section */

/* Begin XCConfigurationList section */
		1FFF63891B9C810D00C6000A /* Build configuration list for PBXProject "SwiftEvent" */ = {
			isa = XCConfigurationList;
			buildConfigurations = (
				1FFF63B41B9C810E00C6000A /* Debug */,
				1FFF63B51B9C810E00C6000A /* Release */,
			);
			defaultConfigurationIsVisible = 0;
			defaultConfigurationName = Release;
		};
		1FFF63B61B9C810E00C6000A /* Build configuration list for PBXNativeTarget "SwiftEvent" */ = {
			isa = XCConfigurationList;
			buildConfigurations = (
				1FFF63B71B9C810E00C6000A /* Debug */,
				1FFF63B81B9C810E00C6000A /* Release */,
			);
			defaultConfigurationIsVisible = 0;
			defaultConfigurationName = Release;
		};
		1FFF63B91B9C810E00C6000A /* Build configuration list for PBXNativeTarget "SwiftEventTests" */ = {
			isa = XCConfigurationList;
			buildConfigurations = (
				1FFF63BA1B9C810E00C6000A /* Debug */,
				1FFF63BB1B9C810E00C6000A /* Release */,
			);
			defaultConfigurationIsVisible = 0;
			defaultConfigurationName = Release;
		};
		1FFF63BC1B9C810E00C6000A /* Build configuration list for PBXNativeTarget "SwiftEventUITests" */ = {
			isa = XCConfigurationList;
			buildConfigurations = (
				1FFF63BD1B9C810E00C6000A /* Debug */,
				1FFF63BE1B9C810E00C6000A /* Release */,
			);
			defaultConfigurationIsVisible = 0;
			defaultConfigurationName = Release;
		};
/* End XCConfigurationList section */
	};
	rootObject = 1FFF63861B9C810D00C6000A /* Project object */;
}
